
Microsoft Visual Studio Solution File, Format Version 12.00
# Visual Studio Version 17
VisualStudioVersion = 17.0.31903.59
MinimumVisualStudioVersion = 10.0.40219.1
Project("{2150E333-8FDC-42A3-9474-1A3956D46DE8}") = "src", "src", "{D0C209CF-2DF1-4C98-B135-264FD5D2D59C}"
EndProject
Project("{FAE04EC0-301F-11D3-BF4B-00C04F79EFBC}") = "Ensersoft.Clients", "src\Ensersoft.Clients\Ensersoft.Clients.csproj", "{ED2EB259-17A5-4C5C-8CCC-09F2E261FE8A}"
EndProject
Project("{FAE04EC0-301F-11D3-BF4B-00C04F79EFBC}") = "Ensersoft.Clients.Abstractions", "src\Ensersoft.Clients.Abstractions\Ensersoft.Clients.Abstractions.csproj", "{225B1302-C529-468B-BA94-FD1A3AC9A582}"
EndProject
Global
	GlobalSection(SolutionConfigurationPlatforms) = preSolution
		Debug|Any CPU = Debug|Any CPU
		Release|Any CPU = Release|Any CPU
	EndGlobalSection
	GlobalSection(SolutionProperties) = preSolution
		HideSolutionNode = FALSE
	EndGlobalSection
	GlobalSection(ProjectConfigurationPlatforms) = postSolution
		{ED2EB259-17A5-4C5C-8CCC-09F2E261FE8A}.Debug|Any CPU.ActiveCfg = Debug|Any CPU
		{ED2EB259-17A5-4C5C-8CCC-09F2E261FE8A}.Debug|Any CPU.Build.0 = Debug|Any CPU
		{ED2EB259-17A5-4C5C-8CCC-09F2E261FE8A}.Release|Any CPU.ActiveCfg = Release|Any CPU
		{ED2EB259-17A5-4C5C-8CCC-09F2E261FE8A}.Release|Any CPU.Build.0 = Release|Any CPU
		{225B1302-C529-468B-BA94-FD1A3AC9A582}.Debug|Any CPU.ActiveCfg = Debug|Any CPU
		{225B1302-C529-468B-BA94-FD1A3AC9A582}.Debug|Any CPU.Build.0 = Debug|Any CPU
		{225B1302-C529-468B-BA94-FD1A3AC9A582}.Release|Any CPU.ActiveCfg = Release|Any CPU
		{225B1302-C529-468B-BA94-FD1A3AC9A582}.Release|Any CPU.Build.0 = Release|Any CPU
	EndGlobalSection
	GlobalSection(NestedProjects) = preSolution
		{ED2EB259-17A5-4C5C-8CCC-09F2E261FE8A} = {D0C209CF-2DF1-4C98-B135-264FD5D2D59C}
		{225B1302-C529-468B-BA94-FD1A3AC9A582} = {D0C209CF-2DF1-4C98-B135-264FD5D2D59C}
	EndGlobalSection
EndGlobal
